
Microsoft Visual Studio Solution File, Format Version 12.00
# Visual Studio 15
VisualStudioVersion = 15.0.28010.2036
MinimumVisualStudioVersion = 10.0.40219.1
Project("{9A19103F-16F7-4668-BE54-9A1E7A4F7556}") = "SmartQA", "SmartQA\SmartQA.csproj", "{7C5E9938-5B38-4D7C-A076-AFFCC095CF33}"
EndProject
Project("{9A19103F-16F7-4668-BE54-9A1E7A4F7556}") = "SmartQA.Tests", "..\..\..\..\..\Users\mgolyaviev\source\Workspaces\STL_YAMAL_CERT\SmartQA.Tests\SmartQA.Tests.csproj", "{71F0B8BA-8EC1-4F55-A78B-CFB5B8BCAA5A}"
EndProject
Global
	GlobalSection(SolutionConfigurationPlatforms) = preSolution
		Debug|Any CPU = Debug|Any CPU
		Release|Any CPU = Release|Any CPU
	EndGlobalSection
	GlobalSection(ProjectConfigurationPlatforms) = postSolution
		{7C5E9938-5B38-4D7C-A076-AFFCC095CF33}.Debug|Any CPU.ActiveCfg = Debug|Any CPU
		{7C5E9938-5B38-4D7C-A076-AFFCC095CF33}.Debug|Any CPU.Build.0 = Debug|Any CPU
		{7C5E9938-5B38-4D7C-A076-AFFCC095CF33}.Release|Any CPU.ActiveCfg = Release|Any CPU
		{7C5E9938-5B38-4D7C-A076-AFFCC095CF33}.Release|Any CPU.Build.0 = Release|Any CPU
		{71F0B8BA-8EC1-4F55-A78B-CFB5B8BCAA5A}.Debug|Any CPU.ActiveCfg = Debug|Any CPU
		{71F0B8BA-8EC1-4F55-A78B-CFB5B8BCAA5A}.Debug|Any CPU.Build.0 = Debug|Any CPU
		{71F0B8BA-8EC1-4F55-A78B-CFB5B8BCAA5A}.Release|Any CPU.ActiveCfg = Release|Any CPU
		{71F0B8BA-8EC1-4F55-A78B-CFB5B8BCAA5A}.Release|Any CPU.Build.0 = Release|Any CPU
	EndGlobalSection
	GlobalSection(SolutionProperties) = preSolution
		HideSolutionNode = FALSE
	EndGlobalSection
	GlobalSection(ExtensibilityGlobals) = postSolution
		SolutionGuid = {24CA4BD9-31E4-4A8E-867A-E34D055F2C4C}
	EndGlobalSection
EndGlobal
